
Microsoft Visual Studio Solution File, Format Version 12.00
# Visual Studio Version 16
VisualStudioVersion = 16.0.30717.126
MinimumVisualStudioVersion = 10.0.40219.1
Project("{9A19103F-16F7-4668-BE54-9A1E7A4F7556}") = "ProceedCase", "ProceedCase.csproj", "{EE76516D-DBC5-4F35-B5C7-F3EEC4106160}"
EndProject
Project("{FAE04EC0-301F-11D3-BF4B-00C04F79EFBC}") = "ProceedLabs.Repository", "..\ProceedLabs.Repository\ProceedLabs.Repository.csproj", "{C94B7503-29DB-4544-88B1-775A74FA2AB4}"
EndProject
Project("{FAE04EC0-301F-11D3-BF4B-00C04F79EFBC}") = "ProceedLabs.Service", "..\ProceedLabs.Service\ProceedLabs.Service.csproj", "{1322574D-A594-4F26-AE55-955FD6B4A93F}"
EndProject
Project("{FAE04EC0-301F-11D3-BF4B-00C04F79EFBC}") = "ProceedLabs.Models", "..\ProceedLabs.Models\ProceedLabs.Models.csproj", "{0319C6D7-C348-41FA-999F-92B3C08D8FD8}"
EndProject
Global
	GlobalSection(SolutionConfigurationPlatforms) = preSolution
		Debug|Any CPU = Debug|Any CPU
		Release|Any CPU = Release|Any CPU
	EndGlobalSection
	GlobalSection(ProjectConfigurationPlatforms) = postSolution
		{EE76516D-DBC5-4F35-B5C7-F3EEC4106160}.Debug|Any CPU.ActiveCfg = Debug|Any CPU
		{EE76516D-DBC5-4F35-B5C7-F3EEC4106160}.Debug|Any CPU.Build.0 = Debug|Any CPU
		{EE76516D-DBC5-4F35-B5C7-F3EEC4106160}.Release|Any CPU.ActiveCfg = Release|Any CPU
		{EE76516D-DBC5-4F35-B5C7-F3EEC4106160}.Release|Any CPU.Build.0 = Release|Any CPU
		{C94B7503-29DB-4544-88B1-775A74FA2AB4}.Debug|Any CPU.ActiveCfg = Debug|Any CPU
		{C94B7503-29DB-4544-88B1-775A74FA2AB4}.Debug|Any CPU.Build.0 = Debug|Any CPU
		{C94B7503-29DB-4544-88B1-775A74FA2AB4}.Release|Any CPU.ActiveCfg = Release|Any CPU
		{C94B7503-29DB-4544-88B1-775A74FA2AB4}.Release|Any CPU.Build.0 = Release|Any CPU
		{1322574D-A594-4F26-AE55-955FD6B4A93F}.Debug|Any CPU.ActiveCfg = Debug|Any CPU
		{1322574D-A594-4F26-AE55-955FD6B4A93F}.Debug|Any CPU.Build.0 = Debug|Any CPU
		{1322574D-A594-4F26-AE55-955FD6B4A93F}.Release|Any CPU.ActiveCfg = Release|Any CPU
		{1322574D-A594-4F26-AE55-955FD6B4A93F}.Release|Any CPU.Build.0 = Release|Any CPU
		{0319C6D7-C348-41FA-999F-92B3C08D8FD8}.Debug|Any CPU.ActiveCfg = Debug|Any CPU
		{0319C6D7-C348-41FA-999F-92B3C08D8FD8}.Debug|Any CPU.Build.0 = Debug|Any CPU
		{0319C6D7-C348-41FA-999F-92B3C08D8FD8}.Release|Any CPU.ActiveCfg = Release|Any CPU
		{0319C6D7-C348-41FA-999F-92B3C08D8FD8}.Release|Any CPU.Build.0 = Release|Any CPU
	EndGlobalSection
	GlobalSection(SolutionProperties) = preSolution
		HideSolutionNode = FALSE
	EndGlobalSection
	GlobalSection(ExtensibilityGlobals) = postSolution
		SolutionGuid = {09505164-5665-4E56-B95B-4E3479E5062D}
	EndGlobalSection
EndGlobal
